
Microsoft Visual Studio Solution File, Format Version 12.00
# Visual Studio Version 17
VisualStudioVersion = 17.5.002.0
MinimumVisualStudioVersion = 10.0.40219.1
Project("{9A19103F-16F7-4668-BE54-9A1E7A4F7556}") = "vucoAPI", "vucoAPI.csproj", "{A0953DA7-CBF8-4C68-9CA9-BC332380865A}"
EndProject
Global
	GlobalSection(SolutionConfigurationPlatforms) = preSolution
		Debug|Any CPU = Debug|Any CPU
		Release|Any CPU = Release|Any CPU
	EndGlobalSection
	GlobalSection(ProjectConfigurationPlatforms) = postSolution
		{A0953DA7-CBF8-4C68-9CA9-BC332380865A}.Debug|Any CPU.ActiveCfg = Debug|Any CPU
		{A0953DA7-CBF8-4C68-9CA9-BC332380865A}.Debug|Any CPU.Build.0 = Debug|Any CPU
		{A0953DA7-CBF8-4C68-9CA9-BC332380865A}.Release|Any CPU.ActiveCfg = Release|Any CPU
		{A0953DA7-CBF8-4C68-9CA9-BC332380865A}.Release|Any CPU.Build.0 = Release|Any CPU
	EndGlobalSection
	GlobalSection(SolutionProperties) = preSolution
		HideSolutionNode = FALSE
	EndGlobalSection
	GlobalSection(ExtensibilityGlobals) = postSolution
		SolutionGuid = {86A8EFB3-3572-44B4-95A7-24AF2A59F142}
	EndGlobalSection
EndGlobal
